// !$*UTF8*$!
{
	archiveVersion = 1;
	classes = {
	};
	objectVersion = 55;
	objects = {

/* Begin PBXBuildFile section */
		B34370122856C850003A32DE /* AppDelegate.swift in Sources */ = {isa = PBXBuildFile; fileRef = B34370112856C850003A32DE /* AppDelegate.swift */; };
		B34370142856C850003A32DE /* SceneDelegate.swift in Sources */ = {isa = PBXBuildFile; fileRef = B34370132856C850003A32DE /* SceneDelegate.swift */; };
		B34370162856C850003A32DE /* ViewController.swift in Sources */ = {isa = PBXBuildFile; fileRef = B34370152856C850003A32DE /* ViewController.swift */; };
		B34370192856C850003A32DE /* Main.storyboard in Resources */ = {isa = PBXBuildFile; fileRef = B34370172856C850003A32DE /* Main.storyboard */; };
		B343701C2856C850003A32DE /* MyApplication.xcdatamodeld in Sources */ = {isa = PBXBuildFile; fileRef = B343701A2856C850003A32DE /* MyApplication.xcdatamodeld */; };
		B343701E2856C853003A32DE /* Assets.xcassets in Resources */ = {isa = PBXBuildFile; fileRef = B343701D2856C853003A32DE /* Assets.xcassets */; };
		B34370212856C853003A32DE /* LaunchScreen.storyboard in Resources */ = {isa = PBXBuildFile; fileRef = B343701F2856C853003A32DE /* LaunchScreen.storyboard */; };
		B343702C2856C854003A32DE /* MyApplicationTests.swift in Sources */ = {isa = PBXBuildFile; fileRef = B343702B2856C854003A32DE /* MyApplicationTests.swift */; };
		B34370362856C854003A32DE /* MyApplicationUITests.swift in Sources */ = {isa = PBXBuildFile; fileRef = B34370352856C854003A32DE /* MyApplicationUITests.swift */; };
		B34370382856C854003A32DE /* MyApplicationUITestsLaunchTests.swift in Sources */ = {isa = PBXBuildFile; fileRef = B34370372856C854003A32DE /* MyApplicationUITestsLaunchTests.swift */; };
/* End PBXBuildFile section */

/* Begin PBXContainerItemProxy section */
		B34370282856C854003A32DE /* PBXContainerItemProxy */ = {
			isa = PBXContainerItemProxy;
			containerPortal = B34370062856C850003A32DE /* Project object */;
			proxyType = 1;
			remoteGlobalIDString = B343700D2856C850003A32DE;
			remoteInfo = MyApplication;
		};
		B34370322856C854003A32DE /* PBXContainerItemProxy */ = {
			isa = PBXContainerItemProxy;
			containerPortal = B34370062856C850003A32DE /* Project object */;
			proxyType = 1;
			remoteGlobalIDString = B343700D2856C850003A32DE;
			remoteInfo = MyApplication;
		};
/* End PBXContainerItemProxy section */

/* Begin PBXFileReference section */
		B343700E2856C850003A32DE /* MyApplication.app */ = {isa = PBXFileReference; explicitFileType = wrapper.application; includeInIndex = 0; path = MyApplication.app; sourceTree = BUILT_PRODUCTS_DIR; };
		B34370112856C850003A32DE /* AppDelegate.swift */ = {isa = PBXFileReference; lastKnownFileType = sourcecode.swift; path = AppDelegate.swift; sourceTree = "<group>"; };
		B34370132856C850003A32DE /* SceneDelegate.swift */ = {isa = PBXFileReference; lastKnownFileType = sourcecode.swift; path = SceneDelegate.swift; sourceTree = "<group>"; };
		B34370152856C850003A32DE /* ViewController.swift */ = {isa = PBXFileReference; lastKnownFileType = sourcecode.swift; path = ViewController.swift; sourceTree = "<group>"; };
		B34370182856C850003A32DE /* Base */ = {isa = PBXFileReference; lastKnownFileType = file.storyboard; name = Base; path = Base.lproj/Main.storyboard; sourceTree = "<group>"; };
		B343701B2856C850003A32DE /* MyApplication.xcdatamodel */ = {isa = PBXFileReference; lastKnownFileType = wrapper.xcdatamodel; path = MyApplication.xcdatamodel; sourceTree = "<group>"; };
		B343701D2856C853003A32DE /* Assets.xcassets */ = {isa = PBXFileReference; lastKnownFileType = folder.assetcatalog; path = Assets.xcassets; sourceTree = "<group>"; };
		B34370202856C853003A32DE /* Base */ = {isa = PBXFileReference; lastKnownFileType = file.storyboard; name = Base; path = Base.lproj/LaunchScreen.storyboard; sourceTree = "<group>"; };
		B34370222856C853003A32DE /* Info.plist */ = {isa = PBXFileReference; lastKnownFileType = text.plist.xml; path = Info.plist; sourceTree = "<group>"; };
		B34370272856C854003A32DE /* MyApplicationTests.xctest */ = {isa = PBXFileReference; explicitFileType = wrapper.cfbundle; includeInIndex = 0; path = MyApplicationTests.xctest; sourceTree = BUILT_PRODUCTS_DIR; };
		B343702B2856C854003A32DE /* MyApplicationTests.swift */ = {isa = PBXFileReference; lastKnownFileType = sourcecode.swift; path = MyApplicationTests.swift; sourceTree = "<group>"; };
		B34370312856C854003A32DE /* MyApplicationUITests.xctest */ = {isa = PBXFileReference; explicitFileType = wrapper.cfbundle; includeInIndex = 0; path = MyApplicationUITests.xctest; sourceTree = BUILT_PRODUCTS_DIR; };
		B34370352856C854003A32DE /* MyApplicationUITests.swift */ = {isa = PBXFileReference; lastKnownFileType = sourcecode.swift; path = MyApplicationUITests.swift; sourceTree = "<group>"; };
		B34370372856C854003A32DE /* MyApplicationUITestsLaunchTests.swift */ = {isa = PBXFileReference; lastKnownFileType = sourcecode.swift; path = MyApplicationUITestsLaunchTests.swift; sourceTree = "<group>"; };
/* End PBXFileReference section */

/* Begin PBXFrameworksBuildPhase section */
		B343700B2856C850003A32DE /* Frameworks */ = {
			isa = PBXFrameworksBuildPhase;
			buildActionMask = 2147483647;
			files = (
			);
			runOnlyForDeploymentPostprocessing = 0;
		};
		B34370242856C854003A32DE /* Frameworks */ = {
			isa = PBXFrameworksBuildPhase;
			buildActionMask = 2147483647;
			files = (
			);
			runOnlyForDeploymentPostprocessing = 0;
		};
		B343702E2856C854003A32DE /* Frameworks */ = {
			isa = PBXFrameworksBuildPhase;
			buildActionMask = 2147483647;
			files = (
			);
			runOnlyForDeploymentPostprocessing = 0;
		};
/* End PBXFrameworksBuildPhase section */

/* Begin PBXGroup section */
		B34370052856C850003A32DE = {
			isa = PBXGroup;
			children = (
				B34370102856C850003A32DE /* MyApplication */,
				B343702A2856C854003A32DE /* MyApplicationTests */,
				B34370342856C854003A32DE /* MyApplicationUITests */,
				B343700F2856C850003A32DE /* Products */,
			);
			sourceTree = "<group>";
		};
		B343700F2856C850003A32DE /* Products */ = {
			isa = PBXGroup;
			children = (
				B343700E2856C850003A32DE /* MyApplication.app */,
				B34370272856C854003A32DE /* MyApplicationTests.xctest */,
				B34370312856C854003A32DE /* MyApplicationUITests.xctest */,
			);
			name = Products;
			sourceTree = "<group>";
		};
		B34370102856C850003A32DE /* MyApplication */ = {
			isa = PBXGroup;
			children = (
				B34370112856C850003A32DE /* AppDelegate.swift */,
				B34370132856C850003A32DE /* SceneDelegate.swift */,
				B34370152856C850003A32DE /* ViewController.swift */,
				B34370172856C850003A32DE /* Main.storyboard */,
				B343701D2856C853003A32DE /* Assets.xcassets */,
				B343701F2856C853003A32DE /* LaunchScreen.storyboard */,
				B34370222856C853003A32DE /* Info.plist */,
				B343701A2856C850003A32DE /* MyApplication.xcdatamodeld */,
			);
			path = MyApplication;
			sourceTree = "<group>";
		};
		B343702A2856C854003A32DE /* MyApplicationTests */ = {
			isa = PBXGroup;
			children = (
				B343702B2856C854003A32DE /* MyApplicationTests.swift */,
			);
			path = MyApplicationTests;
			sourceTree = "<group>";
		};
		B34370342856C854003A32DE /* MyApplicationUITests */ = {
			isa = PBXGroup;
			children = (
				B34370352856C854003A32DE /* MyApplicationUITests.swift */,
				B34370372856C854003A32DE /* MyApplicationUITestsLaunchTests.swift */,
			);
			path = MyApplicationUITests;
			sourceTree = "<group>";
		};
/* End PBXGroup section */

/* Begin PBXNativeTarget section */
		B343700D2856C850003A32DE /* MyApplication */ = {
			isa = PBXNativeTarget;
			buildConfigurationList = B343703B2856C854003A32DE /* Build configuration list for PBXNativeTarget "MyApplication" */;
			buildPhases = (
				B343700A2856C850003A32DE /* Sources */,
				B343700B2856C850003A32DE /* Frameworks */,
				B343700C2856C850003A32DE /* Resources */,
			);
			buildRules = (
			);
			dependencies = (
			);
			name = MyApplication;
			productName = MyApplication;
			productReference = B343700E2856C850003A32DE /* MyApplication.app */;
			productType = "com.apple.product-type.application";
		};
		B34370262856C854003A32DE /* MyApplicationTests */ = {
			isa = PBXNativeTarget;
			buildConfigurationList = B343703E2856C854003A32DE /* Build configuration list for PBXNativeTarget "MyApplicationTests" */;
			buildPhases = (
				B34370232856C854003A32DE /* Sources */,
				B34370242856C854003A32DE /* Frameworks */,
				B34370252856C854003A32DE /* Resources */,
			);
			buildRules = (
			);
			dependencies = (
				B34370292856C854003A32DE /* PBXTargetDependency */,
			);
			name = MyApplicationTests;
			productName = MyApplicationTests;
			productReference = B34370272856C854003A32DE /* MyApplicationTests.xctest */;
			productType = "com.apple.product-type.bundle.unit-test";
		};
		B34370302856C854003A32DE /* MyApplicationUITests */ = {
			isa = PBXNativeTarget;
			buildConfigurationList = B34370412856C854003A32DE /* Build configuration list for PBXNativeTarget "MyApplicationUITests" */;
			buildPhases = (
				B343702D2856C854003A32DE /* Sources */,
				B343702E2856C854003A32DE /* Frameworks */,
				B343702F2856C854003A32DE /* Resources */,
			);
			buildRules = (
			);
			dependencies = (
				B34370332856C854003A32DE /* PBXTargetDependency */,
			);
			name = MyApplicationUITests;
			productName = MyApplicationUITests;
			productReference = B34370312856C854003A32DE /* MyApplicationUITests.xctest */;
			productType = "com.apple.product-type.bundle.ui-testing";
		};
/* End PBXNativeTarget section */

/* Begin PBXProject section */
		B34370062856C850003A32DE /* Project object */ = {
			isa = PBXProject;
			attributes = {
				BuildIndependentTargetsInParallel = 1;
				LastSwiftUpdateCheck = 1340;
				LastUpgradeCheck = 1340;
				TargetAttributes = {
					B343700D2856C850003A32DE = {
						CreatedOnToolsVersion = 13.4.1;
					};
					B34370262856C854003A32DE = {
						CreatedOnToolsVersion = 13.4.1;
						TestTargetID = B343700D2856C850003A32DE;
					};
					B34370302856C854003A32DE = {
						CreatedOnToolsVersion = 13.4.1;
						TestTargetID = B343700D2856C850003A32DE;
					};
				};
			};
			buildConfigurationList = B34370092856C850003A32DE /* Build configuration list for PBXProject "MyApplication" */;
			compatibilityVersion = "Xcode 13.0";
			developmentRegion = en;
			hasScannedForEncodings = 0;
			knownRegions = (
				en,
				Base,
			);
			mainGroup = B34370052856C850003A32DE;
			productRefGroup = B343700F2856C850003A32DE /* Products */;
			projectDirPath = "";
			projectRoot = "";
			targets = (
				B343700D2856C850003A32DE /* MyApplication */,
				B34370262856C854003A32DE /* MyApplicationTests */,
				B34370302856C854003A32DE /* MyApplicationUITests */,
			);
		};
/* End PBXProject section */

/* Begin PBXResourcesBuildPhase section */
		B343700C2856C850003A32DE /* Resources */ = {
			isa = PBXResourcesBuildPhase;
			buildActionMask = 2147483647;
			files = (
				B34370212856C853003A32DE /* LaunchScreen.storyboard in Resources */,
				B343701E2856C853003A32DE /* Assets.xcassets in Resources */,
				B34370192856C850003A32DE /* Main.storyboard in Resources */,
			);
			runOnlyForDeploymentPostprocessing = 0;
		};
		B34370252856C854003A32DE /* Resources */ = {
			isa = PBXResourcesBuildPhase;
			buildActionMask = 2147483647;
			files = (
			);
			runOnlyForDeploymentPostprocessing = 0;
		};
		B343702F2856C854003A32DE /* Resources */ = {
			isa = PBXResourcesBuildPhase;
			buildActionMask = 2147483647;
			files = (
			);
			runOnlyForDeploymentPostprocessing = 0;
		};
/* End PBXResourcesBuildPhase section */

/* Begin PBXSourcesBuildPhase section */
		B343700A2856C850003A32DE /* Sources */ = {
			isa = PBXSourcesBuildPhase;
			buildActionMask = 2147483647;
			files = (
				B343701C2856C850003A32DE /* MyApplication.xcdatamodeld in Sources */,
				B34370162856C850003A32DE /* ViewController.swift in Sources */,
				B34370122856C850003A32DE /* AppDelegate.swift in Sources */,
				B34370142856C850003A32DE /* SceneDelegate.swift in Sources */,
			);
			runOnlyForDeploymentPostprocessing = 0;
		};
		B34370232856C854003A32DE /* Sources */ = {
			isa = PBXSourcesBuildPhase;
			buildActionMask = 2147483647;
			files = (
				B343702C2856C854003A32DE /* MyApplicationTests.swift in Sources */,
			);
			runOnlyForDeploymentPostprocessing = 0;
		};
		B343702D2856C854003A32DE /* Sources */ = {
			isa = PBXSourcesBuildPhase;
			buildActionMask = 2147483647;
			files = (
				B34370362856C854003A32DE /* MyApplicationUITests.swift in Sources */,
				B34370382856C854003A32DE /* MyApplicationUITestsLaunchTests.swift in Sources */,
			);
			runOnlyForDeploymentPostprocessing = 0;
		};
/* End PBXSourcesBuildPhase section */

/* Begin PBXTargetDependency section */
		B34370292856C854003A32DE /* PBXTargetDependency */ = {
			isa = PBXTargetDependency;
			target = B343700D2856C850003A32DE /* MyApplication */;
			targetProxy = B34370282856C854003A32DE /* PBXContainerItemProxy */;
		};
		B34370332856C854003A32DE /* PBXTargetDependency */ = {
			isa = PBXTargetDependency;
			target = B343700D2856C850003A32DE /* MyApplication */;
			targetProxy = B34370322856C854003A32DE /* PBXContainerItemProxy */;
		};
/* End PBXTargetDependency section */

/* Begin PBXVariantGroup section */
		B34370172856C850003A32DE /* Main.storyboard */ = {
			isa = PBXVariantGroup;
			children = (
				B34370182856C850003A32DE /* Base */,
			);
			name = Main.storyboard;
			sourceTree = "<group>";
		};
		B343701F2856C853003A32DE /* LaunchScreen.storyboard */ = {
			isa = PBXVariantGroup;
			children = (
				B34370202856C853003A32DE /* Base */,
			);
			name = LaunchScreen.storyboard;
			sourceTree = "<group>";
		};
/* End PBXVariantGroup section */

/* Begin XCBuildConfiguration section */
		B34370392856C854003A32DE /* Debug */ = {
			isa = XCBuildConfiguration;
			buildSettings = {
				ALWAYS_SEARCH_USER_PATHS = NO;
				CLANG_ANALYZER_NONNULL = YES;
				CLANG_ANALYZER_NUMBER_OBJECT_CONVERSION = YES_AGGRESSIVE;
				CLANG_CXX_LANGUAGE_STANDARD = "gnu++17";
				CLANG_ENABLE_MODULES = YES;
				CLANG_ENABLE_OBJC_ARC = YES;
				CLANG_ENABLE_OBJC_WEAK = YES;
				CLANG_WARN_BLOCK_CAPTURE_AUTORELEASING = YES;
				CLANG_WARN_BOOL_CONVERSION = YES;
				CLANG_WARN_COMMA = YES;
				CLANG_WARN_CONSTANT_CONVERSION = YES;
				CLANG_WARN_DEPRECATED_OBJC_IMPLEMENTATIONS = YES;
				CLANG_WARN_DIRECT_OBJC_ISA_USAGE = YES_ERROR;
				CLANG_WARN_DOCUMENTATION_COMMENTS = YES;
				CLANG_WARN_EMPTY_BODY = YES;
				CLANG_WARN_ENUM_CONVERSION = YES;
				CLANG_WARN_INFINITE_RECURSION = YES;
				CLANG_WARN_INT_CONVERSION = YES;
				CLANG_WARN_NON_LITERAL_NULL_CONVERSION = YES;
				CLANG_WARN_OBJC_IMPLICIT_RETAIN_SELF = YES;
				CLANG_WARN_OBJC_LITERAL_CONVERSION = YES;
				CLANG_WARN_OBJC_ROOT_CLASS = YES_ERROR;
				CLANG_WARN_QUOTED_INCLUDE_IN_FRAMEWORK_HEADER = YES;
				CLANG_WARN_RANGE_LOOP_ANALYSIS = YES;
				CLANG_WARN_STRICT_PROTOTYPES = YES;
				CLANG_WARN_SUSPICIOUS_MOVE = YES;
				CLANG_WARN_UNGUARDED_AVAILABILITY = YES_AGGRESSIVE;
				CLANG_WARN_UNREACHABLE_CODE = YES;
				CLANG_WARN__DUPLICATE_METHOD_MATCH = YES;
				COPY_PHASE_STRIP = NO;
				DEBUG_INFORMATION_FORMAT = dwarf;
				ENABLE_STRICT_OBJC_MSGSEND = YES;
				ENABLE_TESTABILITY = YES;
				GCC_C_LANGUAGE_STANDARD = gnu11;
				GCC_DYNAMIC_NO_PIC = NO;
				GCC_NO_COMMON_BLOCKS = YES;
				GCC_OPTIMIZATION_LEVEL = 0;
				GCC_PREPROCESSOR_DEFINITIONS = (
					"DEBUG=1",
					"$(inherited)",
				);
				GCC_WARN_64_TO_32_BIT_CONVERSION = YES;
				GCC_WARN_ABOUT_RETURN_TYPE = YES_ERROR;
				GCC_WARN_UNDECLARED_SELECTOR = YES;
				GCC_WARN_UNINITIALIZED_AUTOS = YES_AGGRESSIVE;
				GCC_WARN_UNUSED_FUNCTION = YES;
				GCC_WARN_UNUSED_VARIABLE = YES;
				IPHONEOS_DEPLOYMENT_TARGET = 15.5;
				MTL_ENABLE_DEBUG_INFO = INCLUDE_SOURCE;
				MTL_FAST_MATH = YES;
				ONLY_ACTIVE_ARCH = YES;
				SDKROOT = iphoneos;
				SWIFT_ACTIVE_COMPILATION_CONDITIONS = DEBUG;
				SWIFT_OPTIMIZATION_LEVEL = "-Onone";
			};
			name = Debug;
		};
		B343703A2856C854003A32DE /* Release */ = {
			isa = XCBuildConfiguration;
			buildSettings = {
				ALWAYS_SEARCH_USER_PATHS = NO;
				CLANG_ANALYZER_NONNULL = YES;
				CLANG_ANALYZER_NUMBER_OBJECT_CONVERSION = YES_AGGRESSIVE;
				CLANG_CXX_LANGUAGE_STANDARD = "gnu++17";
				CLANG_ENABLE_MODULES = YES;
				CLANG_ENABLE_OBJC_ARC = YES;
				CLANG_ENABLE_OBJC_WEAK = YES;
				CLANG_WARN_BLOCK_CAPTURE_AUTORELEASING = YES;
				CLANG_WARN_BOOL_CONVERSION = YES;
				CLANG_WARN_COMMA = YES;
				CLANG_WARN_CONSTANT_CONVERSION = YES;
				CLANG_WARN_DEPRECATED_OBJC_IMPLEMENTATIONS = YES;
				CLANG_WARN_DIRECT_OBJC_ISA_USAGE = YES_ERROR;
				CLANG_WARN_DOCUMENTATION_COMMENTS = YES;
				CLANG_WARN_EMPTY_BODY = YES;
				CLANG_WARN_ENUM_CONVERSION = YES;
				CLANG_WARN_INFINITE_RECURSION = YES;
				CLANG_WARN_INT_CONVERSION = YES;
				CLANG_WARN_NON_LITERAL_NULL_CONVERSION = YES;
				CLANG_WARN_OBJC_IMPLICIT_RETAIN_SELF = YES;
				CLANG_WARN_OBJC_LITERAL_CONVERSION = YES;
				CLANG_WARN_OBJC_ROOT_CLASS = YES_ERROR;
				CLANG_WARN_QUOTED_INCLUDE_IN_FRAMEWORK_HEADER = YES;
				CLANG_WARN_RANGE_LOOP_ANALYSIS = YES;
				CLANG_WARN_STRICT_PROTOTYPES = YES;
				CLANG_WARN_SUSPICIOUS_MOVE = YES;
				CLANG_WARN_UNGUARDED_AVAILABILITY = YES_AGGRESSIVE;
				CLANG_WARN_UNREACHABLE_CODE = YES;
				CLANG_WARN__DUPLICATE_METHOD_MATCH = YES;
				COPY_PHASE_STRIP = NO;
				DEBUG_INFORMATION_FORMAT = "dwarf-with-dsym";
				ENABLE_NS_ASSERTIONS = NO;
				ENABLE_STRICT_OBJC_MSGSEND = YES;
				GCC_C_LANGUAGE_STANDARD = gnu11;
				GCC_NO_COMMON_BLOCKS = YES;
				GCC_WARN_64_TO_32_BIT_CONVERSION = YES;
				GCC_WARN_ABOUT_RETURN_TYPE = YES_ERROR;
				GCC_WARN_UNDECLARED_SELECTOR = YES;
				GCC_WARN_UNINITIALIZED_AUTOS = YES_AGGRESSIVE;
				GCC_WARN_UNUSED_FUNCTION = YES;
				GCC_WARN_UNUSED_VARIABLE = YES;
				IPHONEOS_DEPLOYMENT_TARGET = 15.5;
				MTL_ENABLE_DEBUG_INFO = NO;
				MTL_FAST_MATH = YES;
				SDKROOT = iphoneos;
				SWIFT_COMPILATION_MODE = wholemodule;
				SWIFT_OPTIMIZATION_LEVEL = "-O";
				VALIDATE_PRODUCT = YES;
			};
			name = Release;
		};
		B343703C2856C854003A32DE /* Debug */ = {
			isa = XCBuildConfiguration;
			buildSettings = {
				ASSETCATALOG_COMPILER_APPICON_NAME = AppIcon;
				ASSETCATALOG_COMPILER_GLOBAL_ACCENT_COLOR_NAME = AccentColor;
				CODE_SIGN_STYLE = Automatic;
				CURRENT_PROJECT_VERSION = 1;
				DEVELOPMENT_TEAM = 9TKT2BJHQF;
				GENERATE_INFOPLIST_FILE = YES;
				INFOPLIST_FILE = MyApplication/Info.plist;
				INFOPLIST_KEY_UIApplicationSupportsIndirectInputEvents = YES;
				INFOPLIST_KEY_UILaunchStoryboardName = LaunchScreen;
				INFOPLIST_KEY_UIMainStoryboardFile = Main;
				INFOPLIST_KEY_UISupportedInterfaceOrientations_iPad = "UIInterfaceOrientationPortrait UIInterfaceOrientationPortraitUpsideDown UIInterfaceOrientationLandscapeLeft UIInterfaceOrientationLandscapeRight";
				INFOPLIST_KEY_UISupportedInterfaceOrientations_iPhone = "UIInterfaceOrientationPortrait UIInterfaceOrientationLandscapeLeft UIInterfaceOrientationLandscapeRight";
				LD_RUNPATH_SEARCH_PATHS = (
					"$(inherited)",
					"@executable_path/Frameworks",
				);
				MARKETING_VERSION = 1.0;
				PRODUCT_BUNDLE_IDENTIFIER = com.app.test.MyApplication;
				PRODUCT_NAME = "$(TARGET_NAME)";
				SWIFT_EMIT_LOC_STRINGS = YES;
				SWIFT_VERSION = 5.0;
				TARGETED_DEVICE_FAMILY = "1,2";
			};
			name = Debug;
		};
		B343703D2856C854003A32DE /* Release */ = {
			isa = XCBuildConfiguration;
			buildSettings = {
				ASSETCATALOG_COMPILER_APPICON_NAME = AppIcon;
				ASSETCATALOG_COMPILER_GLOBAL_ACCENT_COLOR_NAME = AccentColor;
				CODE_SIGN_STYLE = Automatic;
				CURRENT_PROJECT_VERSION = 1;
				DEVELOPMENT_TEAM = 9TKT2BJHQF;
				GENERATE_INFOPLIST_FILE = YES;
				INFOPLIST_FILE = MyApplication/Info.plist;
				INFOPLIST_KEY_UIApplicationSupportsIndirectInputEvents = YES;
				INFOPLIST_KEY_UILaunchStoryboardName = LaunchScreen;
				INFOPLIST_KEY_UIMainStoryboardFile = Main;
				INFOPLIST_KEY_UISupportedInterfaceOrientations_iPad = "UIInterfaceOrientationPortrait UIInterfaceOrientationPortraitUpsideDown UIInterfaceOrientationLandscapeLeft UIInterfaceOrientationLandscapeRight";
				INFOPLIST_KEY_UISupportedInterfaceOrientations_iPhone = "UIInterfaceOrientationPortrait UIInterfaceOrientationLandscapeLeft UIInterfaceOrientationLandscapeRight";
				LD_RUNPATH_SEARCH_PATHS = (
					"$(inherited)",
					"@executable_path/Frameworks",
				);
				MARKETING_VERSION = 1.0;
				PRODUCT_BUNDLE_IDENTIFIER = com.app.test.MyApplication;
				PRODUCT_NAME = "$(TARGET_NAME)";
				SWIFT_EMIT_LOC_STRINGS = YES;
				SWIFT_VERSION = 5.0;
				TARGETED_DEVICE_FAMILY = "1,2";
			};
			name = Release;
		};
		B343703F2856C854003A32DE /* Debug */ = {
			isa = XCBuildConfiguration;
			buildSettings = {
				ALWAYS_EMBED_SWIFT_STANDARD_LIBRARIES = YES;
				BUNDLE_LOADER = "$(TEST_HOST)";
				CODE_SIGN_STYLE = Automatic;
				CURRENT_PROJECT_VERSION = 1;
				DEVELOPMENT_TEAM = 9TKT2BJHQF;
				GENERATE_INFOPLIST_FILE = YES;
				IPHONEOS_DEPLOYMENT_TARGET = 15.5;
				MARKETING_VERSION = 1.0;
				PRODUCT_BUNDLE_IDENTIFIER = com.app.test.MyApplicationTests;
				PRODUCT_NAME = "$(TARGET_NAME)";
				SWIFT_EMIT_LOC_STRINGS = NO;
				SWIFT_VERSION = 5.0;
				TARGETED_DEVICE_FAMILY = "1,2";
				TEST_HOST = "$(BUILT_PRODUCTS_DIR)/MyApplication.app/MyApplication";
			};
			name = Debug;
		};
		B34370402856C854003A32DE /* Release */ = {
			isa = XCBuildConfiguration;
			buildSettings = {
				ALWAYS_EMBED_SWIFT_STANDARD_LIBRARIES = YES;
				BUNDLE_LOADER = "$(TEST_HOST)";
				CODE_SIGN_STYLE = Automatic;
				CURRENT_PROJECT_VERSION = 1;
				DEVELOPMENT_TEAM = 9TKT2BJHQF;
				GENERATE_INFOPLIST_FILE = YES;
				IPHONEOS_DEPLOYMENT_TARGET = 15.5;
				MARKETING_VERSION = 1.0;
				PRODUCT_BUNDLE_IDENTIFIER = com.app.test.MyApplicationTests;
				PRODUCT_NAME = "$(TARGET_NAME)";
				SWIFT_EMIT_LOC_STRINGS = NO;
				SWIFT_VERSION = 5.0;
				TARGETED_DEVICE_FAMILY = "1,2";
				TEST_HOST = "$(BUILT_PRODUCTS_DIR)/MyApplication.app/MyApplication";
			};
			name = Release;
		};
		B34370422856C854003A32DE /* Debug */ = {
			isa = XCBuildConfiguration;
			buildSettings = {
				ALWAYS_EMBED_SWIFT_STANDARD_LIBRARIES = YES;
				CODE_SIGN_STYLE = Automatic;
				CURRENT_PROJECT_VERSION = 1;
				DEVELOPMENT_TEAM = 9TKT2BJHQF;
				GENERATE_INFOPLIST_FILE = YES;
				MARKETING_VERSION = 1.0;
				PRODUCT_BUNDLE_IDENTIFIER = com.app.test.MyApplicationUITests;
				PRODUCT_NAME = "$(TARGET_NAME)";
				SWIFT_EMIT_LOC_STRINGS = NO;
				SWIFT_VERSION = 5.0;
				TARGETED_DEVICE_FAMILY = "1,2";
				TEST_TARGET_NAME = MyApplication;
			};
			name = Debug;
		};
		B34370432856C854003A32DE /* Release */ = {
			isa = XCBuildConfiguration;
			buildSettings = {
				ALWAYS_EMBED_SWIFT_STANDARD_LIBRARIES = YES;
				CODE_SIGN_STYLE = Automatic;
				CURRENT_PROJECT_VERSION = 1;
				DEVELOPMENT_TEAM = 9TKT2BJHQF;
				GENERATE_INFOPLIST_FILE = YES;
				MARKETING_VERSION = 1.0;
				PRODUCT_BUNDLE_IDENTIFIER = com.app.test.MyApplicationUITests;
				PRODUCT_NAME = "$(TARGET_NAME)";
				SWIFT_EMIT_LOC_STRINGS = NO;
				SWIFT_VERSION = 5.0;
				TARGETED_DEVICE_FAMILY = "1,2";
				TEST_TARGET_NAME = MyApplication;
			};
			name = Release;
		};
/* End XCBuildConfiguration section */

/* Begin XCConfigurationList section */
		B34370092856C850003A32DE /* Build configuration list for PBXProject "MyApplication" */ = {
			isa = XCConfigurationList;
			buildConfigurations = (
				B34370392856C854003A32DE /* Debug */,
				B343703A2856C854003A32DE /* Release */,
			);
			defaultConfigurationIsVisible = 0;
			defaultConfigurationName = Release;
		};
		B343703B2856C854003A32DE /* Build configuration list for PBXNativeTarget "MyApplication" */ = {
			isa = XCConfigurationList;
			buildConfigurations = (
				B343703C2856C854003A32DE /* Debug */,
				B343703D2856C854003A32DE /* Release */,
			);
			defaultConfigurationIsVisible = 0;
			defaultConfigurationName = Release;
		};
		B343703E2856C854003A32DE /* Build configuration list for PBXNativeTarget "MyApplicationTests" */ = {
			isa = XCConfigurationList;
			buildConfigurations = (
				B343703F2856C854003A32DE /* Debug */,
				B34370402856C854003A32DE /* Release */,
			);
			defaultConfigurationIsVisible = 0;
			defaultConfigurationName = Release;
		};
		B34370412856C854003A32DE /* Build configuration list for PBXNativeTarget "MyApplicationUITests" */ = {
			isa = XCConfigurationList;
			buildConfigurations = (
				B34370422856C854003A32DE /* Debug */,
				B34370432856C854003A32DE /* Release */,
			);
			defaultConfigurationIsVisible = 0;
			defaultConfigurationName = Release;
		};
/* End XCConfigurationList section */

/* Begin XCVersionGroup section */
		B343701A2856C850003A32DE /* MyApplication.xcdatamodeld */ = {
			isa = XCVersionGroup;
			children = (
				B343701B2856C850003A32DE /* MyApplication.xcdatamodel */,
			);
			currentVersion = B343701B2856C850003A32DE /* MyApplication.xcdatamodel */;
			path = MyApplication.xcdatamodeld;
			sourceTree = "<group>";
			versionGroupType = wrapper.xcdatamodel;
		};
/* End XCVersionGroup section */
	};
	rootObject = B34370062856C850003A32DE /* Project object */;
}
